
Microsoft Visual Studio Solution File, Format Version 12.00
# Visual Studio Version 17
VisualStudioVersion = 17.6.33723.286
MinimumVisualStudioVersion = 10.0.40219.1
Project("{FAE04EC0-301F-11D3-BF4B-00C04F79EFBC}") = "V1_ControlePagamentos", "V1_ControlePagamentos.csproj", "{C6B22727-95BF-429E-876B-4AC674F089C9}"
EndProject
Global
	GlobalSection(SolutionConfigurationPlatforms) = preSolution
		Debug|Any CPU = Debug|Any CPU
		Release|Any CPU = Release|Any CPU
	EndGlobalSection
	GlobalSection(ProjectConfigurationPlatforms) = postSolution
		{C6B22727-95BF-429E-876B-4AC674F089C9}.Debug|Any CPU.ActiveCfg = Debug|Any CPU
		{C6B22727-95BF-429E-876B-4AC674F089C9}.Debug|Any CPU.Build.0 = Debug|Any CPU
		{C6B22727-95BF-429E-876B-4AC674F089C9}.Release|Any CPU.ActiveCfg = Release|Any CPU
		{C6B22727-95BF-429E-876B-4AC674F089C9}.Release|Any CPU.Build.0 = Release|Any CPU
	EndGlobalSection
	GlobalSection(SolutionProperties) = preSolution
		HideSolutionNode = FALSE
	EndGlobalSection
	GlobalSection(ExtensibilityGlobals) = postSolution
		SolutionGuid = {EB003314-F0AA-4452-9DA4-5A3898BC8190}
	EndGlobalSection
EndGlobal
